<?xml version="1.0" encoding="utf-8"?>
<Project ToolsVersion="4.0" xmlns="http://schemas.microsoft.com/developer/msbuild/2003">
  <ItemGroup>
    <Filter Include="ソース ファイル">
      <UniqueIdentifier>{4FC737F1-C7A5-4376-A066-2A32D752A2FF}</UniqueIdentifier>
      <Extensions>cpp;c;cc;cxx;def;odl;idl;hpj;bat;asm;asmx</Extensions>
    </Filter>
    <Filter Include="ヘッダー ファイル">
      <UniqueIdentifier>{93995380-89BD-4b04-88EB-625FBE52EBFB}</UniqueIdentifier>
      <Extensions>h;hh;hpp;hxx;hm;inl;inc;ipp;xsd</Extensions>
    </Filter>
    <Filter Include="リソース ファイル">
      <UniqueIdentifier>{67DA6AB6-F800-4c08-8B7A-83BB121AAD01}</UniqueIdentifier>
      <Extensions>rc;ico;cur;bmp;dlg;rc2;rct;bin;rgs;gif;jpg;jpeg;jpe;resx;tiff;tif;png;wav;mfcribbon-ms</Extensions>
    </Filter>
    <Filter Include="ソース ファイル\Input">
      <UniqueIdentifier>{71054634-203f-4314-a1dd-149487cd3299}</UniqueIdentifier>
    </Filter>
    <Filter Include="ソース ファイル\System">
      <UniqueIdentifier>{6682975c-726a-4e29-ab9f-56390ab9c055}</UniqueIdentifier>
    </Filter>
    <Filter Include="ヘッダー ファイル\Define">
      <UniqueIdentifier>{dd2f2af3-413f-4e20-8ee8-4aaf91a567ca}</UniqueIdentifier>
    </Filter>
    <Filter Include="ヘッダー ファイル\Input">
      <UniqueIdentifier>{1d95f540-9c93-4c06-9393-497e5e723af7}</UniqueIdentifier>
    </Filter>
    <Filter Include="ヘッダー ファイル\System">
      <UniqueIdentifier>{d6430350-248f-4e2f-8301-c0f57e876151}</UniqueIdentifier>
    </Filter>
    <Filter Include="ソース ファイル\Character">
      <UniqueIdentifier>{719836e7-e069-4832-8997-c99492995b0c}</UniqueIdentifier>
    </Filter>
    <Filter Include="ヘッダー ファイル\Character">
      <UniqueIdentifier>{3bf861fa-0c9d-4a7d-9042-0f38e9fe59d9}</UniqueIdentifier>
    </Filter>
    <Filter Include="ヘッダー ファイル\Utility">
      <UniqueIdentifier>{4a7bc73b-8847-433b-8ef4-123eb4c032da}</UniqueIdentifier>
    </Filter>
    <Filter Include="ソース ファイル\Utility">
      <UniqueIdentifier>{a64365e4-cc6a-4bd9-8809-66b2b2c19f55}</UniqueIdentifier>
    </Filter>
    <Filter Include="ヘッダー ファイル\Stage">
      <UniqueIdentifier>{24308323-c38b-4c8c-9446-0c0c14d1f714}</UniqueIdentifier>
    </Filter>
    <Filter Include="ヘッダー ファイル\Character\Weapon">
      <UniqueIdentifier>{69d28d92-4b19-4819-8a28-53b65071ca3e}</UniqueIdentifier>
    </Filter>
    <Filter Include="ソース ファイル\Character\Weapon">
      <UniqueIdentifier>{c6be5e3c-6909-4fe5-bb6f-53e4cd401f41}</UniqueIdentifier>
    </Filter>
    <Filter Include="ソース ファイル\Staeg">
      <UniqueIdentifier>{b4050988-15e7-4282-b19c-22c76eb7425e}</UniqueIdentifier>
    </Filter>
    <Filter Include="ヘッダー ファイル\Mask">
      <UniqueIdentifier>{2ab3f1c9-01b9-4a3e-a9a8-0eded35ef608}</UniqueIdentifier>
    </Filter>
    <Filter Include="ソース ファイル\Mask">
      <UniqueIdentifier>{0ecdf528-35e9-46b9-9493-40677f09fe05}</UniqueIdentifier>
    </Filter>
    <Filter Include="ヘッダー ファイル\Effect">
      <UniqueIdentifier>{a8629071-05a6-4d9d-ac3c-6c58f0c263e6}</UniqueIdentifier>
    </Filter>
    <Filter Include="ソース ファイル\Effect">
      <UniqueIdentifier>{1db471b8-38d2-4b3a-9ac1-9e2ea6951631}</UniqueIdentifier>
    </Filter>
    <Filter Include="ヘッダー ファイル\Scene">
      <UniqueIdentifier>{d6dcae3b-9f55-4d09-a881-35070bcab2b2}</UniqueIdentifier>
    </Filter>
    <Filter Include="ソース ファイル\Scene">
      <UniqueIdentifier>{54243b31-0834-4b01-afd4-11da31ffee9a}</UniqueIdentifier>
    </Filter>
    <Filter Include="ヘッダー ファイル\Resource">
      <UniqueIdentifier>{0ba5a88b-701c-403d-8b3a-227de221b816}</UniqueIdentifier>
    </Filter>
    <Filter Include="ソース ファイル\Resource">
      <UniqueIdentifier>{802674f7-f9a3-4b21-a081-82d91895fcb7}</UniqueIdentifier>
    </Filter>
    <Filter Include="ヘッダー ファイル\Background">
      <UniqueIdentifier>{82210500-5033-4621-9ec7-251c9180f5eb}</UniqueIdentifier>
    </Filter>
    <Filter Include="ソース ファイル\Background">
      <UniqueIdentifier>{a6036690-ac60-47e9-bd37-4bdacc289c14}</UniqueIdentifier>
    </Filter>
  </ItemGroup>
  <ItemGroup>
    <ClCompile Include="Source\Main.cpp">
      <Filter>ソース ファイル</Filter>
    </ClCompile>
    <ClCompile Include="Source\Input\InputKey.cpp">
      <Filter>ソース ファイル\Input</Filter>
    </ClCompile>
    <ClCompile Include="Source\System\SettingDxLib.cpp">
      <Filter>ソース ファイル\System</Filter>
    </ClCompile>
    <ClCompile Include="Source\System\System.cpp">
      <Filter>ソース ファイル\System</Filter>
    </ClCompile>
    <ClCompile Include="Source\Utility\Utility.cpp">
      <Filter>ソース ファイル\Utility</Filter>
    </ClCompile>
    <ClCompile Include="Source\Input\InputPad.cpp">
      <Filter>ソース ファイル\Input</Filter>
    </ClCompile>
    <ClCompile Include="Source\Stage\Stage.cpp">
      <Filter>ソース ファイル\Staeg</Filter>
    </ClCompile>
    <ClCompile Include="Source\Mask\Mask.cpp">
      <Filter>ソース ファイル\Mask</Filter>
    </ClCompile>
    <ClCompile Include="Source\Input\InputManager.cpp">
      <Filter>ソース ファイル\Input</Filter>
    </ClCompile>
    <ClCompile Include="Source\Effect\EffectManager.cpp">
      <Filter>ソース ファイル\Effect</Filter>
    </ClCompile>
    <ClCompile Include="Source\Effect\Effect_Shake.cpp">
      <Filter>ソース ファイル\Effect</Filter>
    </ClCompile>
    <ClCompile Include="Source\Effect\Effect_Explosion.cpp">
      <Filter>ソース ファイル\Effect</Filter>
    </ClCompile>
    <ClCompile Include="Source\Character\CharaManager.cpp">
      <Filter>ソース ファイル\Character</Filter>
    </ClCompile>
    <ClCompile Include="Source\Character\Chara_EnemyBase.cpp">
      <Filter>ソース ファイル\Character</Filter>
    </ClCompile>
    <ClCompile Include="Source\Character\Chara_EnemyBomb.cpp">
      <Filter>ソース ファイル\Character</Filter>
    </ClCompile>
    <ClCompile Include="Source\Character\CharaPlayer.cpp">
      <Filter>ソース ファイル\Character</Filter>
    </ClCompile>
    <ClCompile Include="Source\Character\CharaBase.cpp">
      <Filter>ソース ファイル\Character</Filter>
    </ClCompile>
    <ClCompile Include="Source\Character\Chara_EnemyWater.cpp">
      <Filter>ソース ファイル\Character</Filter>
    </ClCompile>
    <ClCompile Include="Source\Character\Weapon\WeaponBase.cpp">
      <Filter>ソース ファイル\Character\Weapon</Filter>
    </ClCompile>
    <ClCompile Include="Source\Character\Weapon\Weapon_ElectricGun.cpp">
      <Filter>ソース ファイル\Character\Weapon</Filter>
    </ClCompile>
    <ClCompile Include="Source\Character\Weapon\Weapon_WaterGun.cpp">
      <Filter>ソース ファイル\Character\Weapon</Filter>
    </ClCompile>
    <ClCompile Include="Source\Character\Chara_EnemyElectric.cpp">
      <Filter>ソース ファイル\Character</Filter>
    </ClCompile>
    <ClCompile Include="Source\Scene\SceneGame.cpp">
      <Filter>ソース ファイル\Scene</Filter>
    </ClCompile>
    <ClCompile Include="Source\Scene\SceneManager.cpp">
      <Filter>ソース ファイル\Scene</Filter>
    </ClCompile>
    <ClCompile Include="Source\Scene\SceneTitle.cpp">
      <Filter>ソース ファイル\Scene</Filter>
    </ClCompile>
    <ClCompile Include="Source\Scene\SceneBase.cpp">
      <Filter>ソース ファイル\Scene</Filter>
    </ClCompile>
    <ClCompile Include="Source\Resource\Graphic.cpp">
      <Filter>ソース ファイル\Resource</Filter>
    </ClCompile>
    <ClCompile Include="Source\Character\Animation.cpp">
      <Filter>ソース ファイル\Character</Filter>
    </ClCompile>
    <ClCompile Include="Source\Resource\CSV.cpp">
      <Filter>ソース ファイル\Resource</Filter>
    </ClCompile>
    <ClCompile Include="Source\Background\Background.cpp">
      <Filter>ソース ファイル\Background</Filter>
    </ClCompile>
  </ItemGroup>
  <ItemGroup>
    <ClInclude Include="Source\Define\Define.h">
      <Filter>ヘッダー ファイル\Define</Filter>
    </ClInclude>
    <ClInclude Include="Source\Input\InputKey.h">
      <Filter>ヘッダー ファイル\Input</Filter>
    </ClInclude>
    <ClInclude Include="Source\System\SettingDxLib.h">
      <Filter>ヘッダー ファイル\System</Filter>
    </ClInclude>
    <ClInclude Include="Source\System\System.h">
      <Filter>ヘッダー ファイル\System</Filter>
    </ClInclude>
    <ClInclude Include="Source\Utility\Utility.h">
      <Filter>ヘッダー ファイル\Utility</Filter>
    </ClInclude>
    <ClInclude Include="Source\Input\InputPad.h">
      <Filter>ヘッダー ファイル\Input</Filter>
    </ClInclude>
    <ClInclude Include="Source\Stage\Stage.h">
      <Filter>ヘッダー ファイル\Stage</Filter>
    </ClInclude>
    <ClInclude Include="Source\Mask\Mask.h">
      <Filter>ヘッダー ファイル\Mask</Filter>
    </ClInclude>
    <ClInclude Include="Source\Input\InputManager.h">
      <Filter>ヘッダー ファイル\Input</Filter>
    </ClInclude>
    <ClInclude Include="Source\Effect\EffectManager.h">
      <Filter>ヘッダー ファイル\Effect</Filter>
    </ClInclude>
    <ClInclude Include="Source\Effect\Effect_Shake.h">
      <Filter>ヘッダー ファイル\Effect</Filter>
    </ClInclude>
    <ClInclude Include="Source\Effect\Effect_Explosion.h">
      <Filter>ヘッダー ファイル\Effect</Filter>
    </ClInclude>
    <ClInclude Include="Source\Character\Chara_Manager.h">
      <Filter>ヘッダー ファイル\Character</Filter>
    </ClInclude>
    <ClInclude Include="Source\Character\Chara_EnemyBomb.h">
      <Filter>ヘッダー ファイル\Character</Filter>
    </ClInclude>
    <ClInclude Include="Source\Character\Chara_EnemyBase.h">
      <Filter>ヘッダー ファイル\Character</Filter>
    </ClInclude>
    <ClInclude Include="Source\Character\Chara_Player.h">
      <Filter>ヘッダー ファイル\Character</Filter>
    </ClInclude>
    <ClInclude Include="Source\Character\CharaBase.h">
      <Filter>ヘッダー ファイル\Character</Filter>
    </ClInclude>
    <ClInclude Include="Source\Character\Chara_EnemyWater.h">
      <Filter>ヘッダー ファイル\Character</Filter>
    </ClInclude>
    <ClInclude Include="Source\Character\Weapon\WeaponBase.h">
      <Filter>ヘッダー ファイル\Character\Weapon</Filter>
    </ClInclude>
    <ClInclude Include="Source\Character\Weapon\Weapon_ElectricGun.h">
      <Filter>ヘッダー ファイル\Character\Weapon</Filter>
    </ClInclude>
    <ClInclude Include="Source\Character\Weapon\Weapon_WaterGun.h">
      <Filter>ヘッダー ファイル\Character\Weapon</Filter>
    </ClInclude>
    <ClInclude Include="Source\Character\Chara_EnemyElectric.h">
      <Filter>ヘッダー ファイル\Character</Filter>
    </ClInclude>
    <ClInclude Include="Source\Scene\SceneGame.h">
      <Filter>ヘッダー ファイル\Scene</Filter>
    </ClInclude>
    <ClInclude Include="Source\Scene\SceneTitle.h">
      <Filter>ヘッダー ファイル\Scene</Filter>
    </ClInclude>
    <ClInclude Include="Source\Scene\SceneBase.h">
      <Filter>ヘッダー ファイル\Scene</Filter>
    </ClInclude>
    <ClInclude Include="Source\Scene\SceneManager.h">
      <Filter>ヘッダー ファイル\Scene</Filter>
    </ClInclude>
    <ClInclude Include="Source\Resource\Graphic.h">
      <Filter>ヘッダー ファイル\Resource</Filter>
    </ClInclude>
    <ClInclude Include="Source\Character\Animation.h">
      <Filter>ヘッダー ファイル\Character</Filter>
    </ClInclude>
    <ClInclude Include="Source\Resource\CSV.h">
      <Filter>ヘッダー ファイル\Resource</Filter>
    </ClInclude>
    <ClInclude Include="Source\Background\Background.h">
      <Filter>ヘッダー ファイル\Background</Filter>
    </ClInclude>
  </ItemGroup>
</Project>